// !$*UTF8*$!
{
	archiveVersion = 1;
	classes = {
	};
	objectVersion = 50;
	objects = {

/* Begin PBXBuildFile section */
		2D4403CCFAB20BDA45945334 /* Pods_devinschatappTests.framework in Frameworks */ = {isa = PBXBuildFile; fileRef = 1FA042F889B4DD346BF4D2E2 /* Pods_devinschatappTests.framework */; };
		3114E03C6F4F2E0C7C12B883 /* Pods_devinschatapp_devinschatappUITests.framework in Frameworks */ = {isa = PBXBuildFile; fileRef = 3F94313D24CC8D1D8E0AF79F /* Pods_devinschatapp_devinschatappUITests.framework */; };
		9EADE6AB266C00E9004EA76F /* devinschatappApp.swift in Sources */ = {isa = PBXBuildFile; fileRef = 9EADE6AA266C00E9004EA76F /* devinschatappApp.swift */; };
		9EADE6AD266C00E9004EA76F /* ContentView.swift in Sources */ = {isa = PBXBuildFile; fileRef = 9EADE6AC266C00E9004EA76F /* ContentView.swift */; };
		9EADE6AF266C00EC004EA76F /* Assets.xcassets in Resources */ = {isa = PBXBuildFile; fileRef = 9EADE6AE266C00EC004EA76F /* Assets.xcassets */; };
		9EADE6B2266C00EC004EA76F /* Preview Assets.xcassets in Resources */ = {isa = PBXBuildFile; fileRef = 9EADE6B1266C00EC004EA76F /* Preview Assets.xcassets */; };
		9EADE6BD266C00EC004EA76F /* devinschatappTests.swift in Sources */ = {isa = PBXBuildFile; fileRef = 9EADE6BC266C00EC004EA76F /* devinschatappTests.swift */; };
		9EADE6C8266C00EC004EA76F /* devinschatappUITests.swift in Sources */ = {isa = PBXBuildFile; fileRef = 9EADE6C7266C00EC004EA76F /* devinschatappUITests.swift */; };
		ECA58ED70F3C7B25871D3F2F /* Pods_devinschatapp.framework in Frameworks */ = {isa = PBXBuildFile; fileRef = 3BC1339DE28375BCB82ADBCC /* Pods_devinschatapp.framework */; };
/* End PBXBuildFile section */

/* Begin PBXContainerItemProxy section */
		9EADE6B9266C00EC004EA76F /* PBXContainerItemProxy */ = {
			isa = PBXContainerItemProxy;
			containerPortal = 9EADE69F266C00E9004EA76F /* Project object */;
			proxyType = 1;
			remoteGlobalIDString = 9EADE6A6266C00E9004EA76F;
			remoteInfo = devinschatapp;
		};
		9EADE6C4266C00EC004EA76F /* PBXContainerItemProxy */ = {
			isa = PBXContainerItemProxy;
			containerPortal = 9EADE69F266C00E9004EA76F /* Project object */;
			proxyType = 1;
			remoteGlobalIDString = 9EADE6A6266C00E9004EA76F;
			remoteInfo = devinschatapp;
		};
/* End PBXContainerItemProxy section */

/* Begin PBXFileReference section */
		1FA042F889B4DD346BF4D2E2 /* Pods_devinschatappTests.framework */ = {isa = PBXFileReference; explicitFileType = wrapper.framework; includeInIndex = 0; path = Pods_devinschatappTests.framework; sourceTree = BUILT_PRODUCTS_DIR; };
		3BC1339DE28375BCB82ADBCC /* Pods_devinschatapp.framework */ = {isa = PBXFileReference; explicitFileType = wrapper.framework; includeInIndex = 0; path = Pods_devinschatapp.framework; sourceTree = BUILT_PRODUCTS_DIR; };
		3F94313D24CC8D1D8E0AF79F /* Pods_devinschatapp_devinschatappUITests.framework */ = {isa = PBXFileReference; explicitFileType = wrapper.framework; includeInIndex = 0; path = Pods_devinschatapp_devinschatappUITests.framework; sourceTree = BUILT_PRODUCTS_DIR; };
		79290FEF9552326960220FCF /* Pods-devinschatappTests.release.xcconfig */ = {isa = PBXFileReference; includeInIndex = 1; lastKnownFileType = text.xcconfig; name = "Pods-devinschatappTests.release.xcconfig"; path = "Target Support Files/Pods-devinschatappTests/Pods-devinschatappTests.release.xcconfig"; sourceTree = "<group>"; };
		81A9D1B862E1179CC4193109 /* Pods-devinschatapp.debug.xcconfig */ = {isa = PBXFileReference; includeInIndex = 1; lastKnownFileType = text.xcconfig; name = "Pods-devinschatapp.debug.xcconfig"; path = "Target Support Files/Pods-devinschatapp/Pods-devinschatapp.debug.xcconfig"; sourceTree = "<group>"; };
		822436B497AE71A35D335545 /* Pods-devinschatapp-devinschatappUITests.debug.xcconfig */ = {isa = PBXFileReference; includeInIndex = 1; lastKnownFileType = text.xcconfig; name = "Pods-devinschatapp-devinschatappUITests.debug.xcconfig"; path = "Target Support Files/Pods-devinschatapp-devinschatappUITests/Pods-devinschatapp-devinschatappUITests.debug.xcconfig"; sourceTree = "<group>"; };
		9EADE6A7266C00E9004EA76F /* devinschatapp.app */ = {isa = PBXFileReference; explicitFileType = wrapper.application; includeInIndex = 0; path = devinschatapp.app; sourceTree = BUILT_PRODUCTS_DIR; };
		9EADE6AA266C00E9004EA76F /* devinschatappApp.swift */ = {isa = PBXFileReference; lastKnownFileType = sourcecode.swift; path = devinschatappApp.swift; sourceTree = "<group>"; };
		9EADE6AC266C00E9004EA76F /* ContentView.swift */ = {isa = PBXFileReference; lastKnownFileType = sourcecode.swift; path = ContentView.swift; sourceTree = "<group>"; };
		9EADE6AE266C00EC004EA76F /* Assets.xcassets */ = {isa = PBXFileReference; lastKnownFileType = folder.assetcatalog; path = Assets.xcassets; sourceTree = "<group>"; };
		9EADE6B1266C00EC004EA76F /* Preview Assets.xcassets */ = {isa = PBXFileReference; lastKnownFileType = folder.assetcatalog; path = "Preview Assets.xcassets"; sourceTree = "<group>"; };
		9EADE6B3266C00EC004EA76F /* Info.plist */ = {isa = PBXFileReference; lastKnownFileType = text.plist.xml; path = Info.plist; sourceTree = "<group>"; };
		9EADE6B8266C00EC004EA76F /* devinschatappTests.xctest */ = {isa = PBXFileReference; explicitFileType = wrapper.cfbundle; includeInIndex = 0; path = devinschatappTests.xctest; sourceTree = BUILT_PRODUCTS_DIR; };
		9EADE6BC266C00EC004EA76F /* devinschatappTests.swift */ = {isa = PBXFileReference; lastKnownFileType = sourcecode.swift; path = devinschatappTests.swift; sourceTree = "<group>"; };
		9EADE6BE266C00EC004EA76F /* Info.plist */ = {isa = PBXFileReference; lastKnownFileType = text.plist.xml; path = Info.plist; sourceTree = "<group>"; };
		9EADE6C3266C00EC004EA76F /* devinschatappUITests.xctest */ = {isa = PBXFileReference; explicitFileType = wrapper.cfbundle; includeInIndex = 0; path = devinschatappUITests.xctest; sourceTree = BUILT_PRODUCTS_DIR; };
		9EADE6C7266C00EC004EA76F /* devinschatappUITests.swift */ = {isa = PBXFileReference; lastKnownFileType = sourcecode.swift; path = devinschatappUITests.swift; sourceTree = "<group>"; };
		9EADE6C9266C00EC004EA76F /* Info.plist */ = {isa = PBXFileReference; lastKnownFileType = text.plist.xml; path = Info.plist; sourceTree = "<group>"; };
		C0F15C4F4A010D42AFE5ED17 /* Pods-devinschatapp-devinschatappUITests.release.xcconfig */ = {isa = PBXFileReference; includeInIndex = 1; lastKnownFileType = text.xcconfig; name = "Pods-devinschatapp-devinschatappUITests.release.xcconfig"; path = "Target Support Files/Pods-devinschatapp-devinschatappUITests/Pods-devinschatapp-devinschatappUITests.release.xcconfig"; sourceTree = "<group>"; };
		C5B0B179277403F2727E9337 /* Pods-devinschatappTests.debug.xcconfig */ = {isa = PBXFileReference; includeInIndex = 1; lastKnownFileType = text.xcconfig; name = "Pods-devinschatappTests.debug.xcconfig"; path = "Target Support Files/Pods-devinschatappTests/Pods-devinschatappTests.debug.xcconfig"; sourceTree = "<group>"; };
		EC01F73D434128D2E2D1304E /* Pods-devinschatapp.release.xcconfig */ = {isa = PBXFileReference; includeInIndex = 1; lastKnownFileType = text.xcconfig; name = "Pods-devinschatapp.release.xcconfig"; path = "Target Support Files/Pods-devinschatapp/Pods-devinschatapp.release.xcconfig"; sourceTree = "<group>"; };
/* End PBXFileReference section */

/* Begin PBXFrameworksBuildPhase section */
		9EADE6A4266C00E9004EA76F /* Frameworks */ = {
			isa = PBXFrameworksBuildPhase;
			buildActionMask = 2147483647;
			files = (
				ECA58ED70F3C7B25871D3F2F /* Pods_devinschatapp.framework in Frameworks */,
			);
			runOnlyForDeploymentPostprocessing = 0;
		};
		9EADE6B5266C00EC004EA76F /* Frameworks */ = {
			isa = PBXFrameworksBuildPhase;
			buildActionMask = 2147483647;
			files = (
				2D4403CCFAB20BDA45945334 /* Pods_devinschatappTests.framework in Frameworks */,
			);
			runOnlyForDeploymentPostprocessing = 0;
		};
		9EADE6C0266C00EC004EA76F /* Frameworks */ = {
			isa = PBXFrameworksBuildPhase;
			buildActionMask = 2147483647;
			files = (
				3114E03C6F4F2E0C7C12B883 /* Pods_devinschatapp_devinschatappUITests.framework in Frameworks */,
			);
			runOnlyForDeploymentPostprocessing = 0;
		};
/* End PBXFrameworksBuildPhase section */

/* Begin PBXGroup section */
		3D0EE7FA811799F90A9276F5 /* Frameworks */ = {
			isa = PBXGroup;
			children = (
				3BC1339DE28375BCB82ADBCC /* Pods_devinschatapp.framework */,
				3F94313D24CC8D1D8E0AF79F /* Pods_devinschatapp_devinschatappUITests.framework */,
				1FA042F889B4DD346BF4D2E2 /* Pods_devinschatappTests.framework */,
			);
			name = Frameworks;
			sourceTree = "<group>";
		};
		9D761B01436914BC29439909 /* Pods */ = {
			isa = PBXGroup;
			children = (
				81A9D1B862E1179CC4193109 /* Pods-devinschatapp.debug.xcconfig */,
				EC01F73D434128D2E2D1304E /* Pods-devinschatapp.release.xcconfig */,
				822436B497AE71A35D335545 /* Pods-devinschatapp-devinschatappUITests.debug.xcconfig */,
				C0F15C4F4A010D42AFE5ED17 /* Pods-devinschatapp-devinschatappUITests.release.xcconfig */,
				C5B0B179277403F2727E9337 /* Pods-devinschatappTests.debug.xcconfig */,
				79290FEF9552326960220FCF /* Pods-devinschatappTests.release.xcconfig */,
			);
			name = Pods;
			path = Pods;
			sourceTree = "<group>";
		};
		9EADE69E266C00E9004EA76F = {
			isa = PBXGroup;
			children = (
				9EADE6A9266C00E9004EA76F /* devinschatapp */,
				9EADE6BB266C00EC004EA76F /* devinschatappTests */,
				9EADE6C6266C00EC004EA76F /* devinschatappUITests */,
				9EADE6A8266C00E9004EA76F /* Products */,
				9D761B01436914BC29439909 /* Pods */,
				3D0EE7FA811799F90A9276F5 /* Frameworks */,
			);
			sourceTree = "<group>";
		};
		9EADE6A8266C00E9004EA76F /* Products */ = {
			isa = PBXGroup;
			children = (
				9EADE6A7266C00E9004EA76F /* devinschatapp.app */,
				9EADE6B8266C00EC004EA76F /* devinschatappTests.xctest */,
				9EADE6C3266C00EC004EA76F /* devinschatappUITests.xctest */,
			);
			name = Products;
			sourceTree = "<group>";
		};
		9EADE6A9266C00E9004EA76F /* devinschatapp */ = {
			isa = PBXGroup;
			children = (
				9EADE6AA266C00E9004EA76F /* devinschatappApp.swift */,
				9EADE6AC266C00E9004EA76F /* ContentView.swift */,
				9EADE6AE266C00EC004EA76F /* Assets.xcassets */,
				9EADE6B3266C00EC004EA76F /* Info.plist */,
				9EADE6B0266C00EC004EA76F /* Preview Content */,
			);
			path = devinschatapp;
			sourceTree = "<group>";
		};
		9EADE6B0266C00EC004EA76F /* Preview Content */ = {
			isa = PBXGroup;
			children = (
				9EADE6B1266C00EC004EA76F /* Preview Assets.xcassets */,
			);
			path = "Preview Content";
			sourceTree = "<group>";
		};
		9EADE6BB266C00EC004EA76F /* devinschatappTests */ = {
			isa = PBXGroup;
			children = (
				9EADE6BC266C00EC004EA76F /* devinschatappTests.swift */,
				9EADE6BE266C00EC004EA76F /* Info.plist */,
			);
			path = devinschatappTests;
			sourceTree = "<group>";
		};
		9EADE6C6266C00EC004EA76F /* devinschatappUITests */ = {
			isa = PBXGroup;
			children = (
				9EADE6C7266C00EC004EA76F /* devinschatappUITests.swift */,
				9EADE6C9266C00EC004EA76F /* Info.plist */,
			);
			path = devinschatappUITests;
			sourceTree = "<group>";
		};
/* End PBXGroup section */

/* Begin PBXNativeTarget section */
		9EADE6A6266C00E9004EA76F /* devinschatapp */ = {
			isa = PBXNativeTarget;
			buildConfigurationList = 9EADE6CC266C00EC004EA76F /* Build configuration list for PBXNativeTarget "devinschatapp" */;
			buildPhases = (
				033D88B3E0F071460A7E901B /* [CP] Check Pods Manifest.lock */,
				9EADE6A3266C00E9004EA76F /* Sources */,
				9EADE6A4266C00E9004EA76F /* Frameworks */,
				9EADE6A5266C00E9004EA76F /* Resources */,
				79CF78A57202A093DA604A4E /* [CP] Embed Pods Frameworks */,
				9565F7F1754266C03D2B8DBF /* [CP] Copy Pods Resources */,
			);
			buildRules = (
			);
			dependencies = (
			);
			name = devinschatapp;
			productName = devinschatapp;
			productReference = 9EADE6A7266C00E9004EA76F /* devinschatapp.app */;
			productType = "com.apple.product-type.application";
		};
		9EADE6B7266C00EC004EA76F /* devinschatappTests */ = {
			isa = PBXNativeTarget;
			buildConfigurationList = 9EADE6CF266C00EC004EA76F /* Build configuration list for PBXNativeTarget "devinschatappTests" */;
			buildPhases = (
				5E9AED15627AFF8F31D23F13 /* [CP] Check Pods Manifest.lock */,
				9EADE6B4266C00EC004EA76F /* Sources */,
				9EADE6B5266C00EC004EA76F /* Frameworks */,
				9EADE6B6266C00EC004EA76F /* Resources */,
			);
			buildRules = (
			);
			dependencies = (
				9EADE6BA266C00EC004EA76F /* PBXTargetDependency */,
			);
			name = devinschatappTests;
			productName = devinschatappTests;
			productReference = 9EADE6B8266C00EC004EA76F /* devinschatappTests.xctest */;
			productType = "com.apple.product-type.bundle.unit-test";
		};
		9EADE6C2266C00EC004EA76F /* devinschatappUITests */ = {
			isa = PBXNativeTarget;
			buildConfigurationList = 9EADE6D2266C00EC004EA76F /* Build configuration list for PBXNativeTarget "devinschatappUITests" */;
			buildPhases = (
				136CBA14B567D9289E794C0A /* [CP] Check Pods Manifest.lock */,
				9EADE6BF266C00EC004EA76F /* Sources */,
				9EADE6C0266C00EC004EA76F /* Frameworks */,
				9EADE6C1266C00EC004EA76F /* Resources */,
				E4D7C0AE7EB25622C97805B1 /* [CP] Embed Pods Frameworks */,
				70658FC55F61B7BB5A46A73C /* [CP] Copy Pods Resources */,
			);
			buildRules = (
			);
			dependencies = (
				9EADE6C5266C00EC004EA76F /* PBXTargetDependency */,
			);
			name = devinschatappUITests;
			productName = devinschatappUITests;
			productReference = 9EADE6C3266C00EC004EA76F /* devinschatappUITests.xctest */;
			productType = "com.apple.product-type.bundle.ui-testing";
		};
/* End PBXNativeTarget section */

/* Begin PBXProject section */
		9EADE69F266C00E9004EA76F /* Project object */ = {
			isa = PBXProject;
			attributes = {
				LastSwiftUpdateCheck = 1250;
				LastUpgradeCheck = 1250;
				TargetAttributes = {
					9EADE6A6266C00E9004EA76F = {
						CreatedOnToolsVersion = 12.5;
					};
					9EADE6B7266C00EC004EA76F = {
						CreatedOnToolsVersion = 12.5;
						TestTargetID = 9EADE6A6266C00E9004EA76F;
					};
					9EADE6C2266C00EC004EA76F = {
						CreatedOnToolsVersion = 12.5;
						TestTargetID = 9EADE6A6266C00E9004EA76F;
					};
				};
			};
			buildConfigurationList = 9EADE6A2266C00E9004EA76F /* Build configuration list for PBXProject "devinschatapp" */;
			compatibilityVersion = "Xcode 9.3";
			developmentRegion = en;
			hasScannedForEncodings = 0;
			knownRegions = (
				en,
				Base,
			);
			mainGroup = 9EADE69E266C00E9004EA76F;
			productRefGroup = 9EADE6A8266C00E9004EA76F /* Products */;
			projectDirPath = "";
			projectRoot = "";
			targets = (
				9EADE6A6266C00E9004EA76F /* devinschatapp */,
				9EADE6B7266C00EC004EA76F /* devinschatappTests */,
				9EADE6C2266C00EC004EA76F /* devinschatappUITests */,
			);
		};
/* End PBXProject section */

/* Begin PBXResourcesBuildPhase section */
		9EADE6A5266C00E9004EA76F /* Resources */ = {
			isa = PBXResourcesBuildPhase;
			buildActionMask = 2147483647;
			files = (
				9EADE6B2266C00EC004EA76F /* Preview Assets.xcassets in Resources */,
				9EADE6AF266C00EC004EA76F /* Assets.xcassets in Resources */,
			);
			runOnlyForDeploymentPostprocessing = 0;
		};
		9EADE6B6266C00EC004EA76F /* Resources */ = {
			isa = PBXResourcesBuildPhase;
			buildActionMask = 2147483647;
			files = (
			);
			runOnlyForDeploymentPostprocessing = 0;
		};
		9EADE6C1266C00EC004EA76F /* Resources */ = {
			isa = PBXResourcesBuildPhase;
			buildActionMask = 2147483647;
			files = (
			);
			runOnlyForDeploymentPostprocessing = 0;
		};
/* End PBXResourcesBuildPhase section */

/* Begin PBXShellScriptBuildPhase section */
		033D88B3E0F071460A7E901B /* [CP] Check Pods Manifest.lock */ = {
			isa = PBXShellScriptBuildPhase;
			buildActionMask = 2147483647;
			files = (
			);
			inputFileListPaths = (
			);
			inputPaths = (
				"${PODS_PODFILE_DIR_PATH}/Podfile.lock",
				"${PODS_ROOT}/Manifest.lock",
			);
			name = "[CP] Check Pods Manifest.lock";
			outputFileListPaths = (
			);
			outputPaths = (
				"$(DERIVED_FILE_DIR)/Pods-devinschatapp-checkManifestLockResult.txt",
			);
			runOnlyForDeploymentPostprocessing = 0;
			shellPath = /bin/sh;
			shellScript = "diff \"${PODS_PODFILE_DIR_PATH}/Podfile.lock\" \"${PODS_ROOT}/Manifest.lock\" > /dev/null\nif [ $? != 0 ] ; then\n    # print error to STDERR\n    echo \"error: The sandbox is not in sync with the Podfile.lock. Run 'pod install' or update your CocoaPods installation.\" >&2\n    exit 1\nfi\n# This output is used by Xcode 'outputs' to avoid re-running this script phase.\necho \"SUCCESS\" > \"${SCRIPT_OUTPUT_FILE_0}\"\n";
			showEnvVarsInLog = 0;
		};
		136CBA14B567D9289E794C0A /* [CP] Check Pods Manifest.lock */ = {
			isa = PBXShellScriptBuildPhase;
			buildActionMask = 2147483647;
			files = (
			);
			inputFileListPaths = (
			);
			inputPaths = (
				"${PODS_PODFILE_DIR_PATH}/Podfile.lock",
				"${PODS_ROOT}/Manifest.lock",
			);
			name = "[CP] Check Pods Manifest.lock";
			outputFileListPaths = (
			);
			outputPaths = (
				"$(DERIVED_FILE_DIR)/Pods-devinschatapp-devinschatappUITests-checkManifestLockResult.txt",
			);
			runOnlyForDeploymentPostprocessing = 0;
			shellPath = /bin/sh;
			shellScript = "diff \"${PODS_PODFILE_DIR_PATH}/Podfile.lock\" \"${PODS_ROOT}/Manifest.lock\" > /dev/null\nif [ $? != 0 ] ; then\n    # print error to STDERR\n    echo \"error: The sandbox is not in sync with the Podfile.lock. Run 'pod install' or update your CocoaPods installation.\" >&2\n    exit 1\nfi\n# This output is used by Xcode 'outputs' to avoid re-running this script phase.\necho \"SUCCESS\" > \"${SCRIPT_OUTPUT_FILE_0}\"\n";
			showEnvVarsInLog = 0;
		};
		5E9AED15627AFF8F31D23F13 /* [CP] Check Pods Manifest.lock */ = {
			isa = PBXShellScriptBuildPhase;
			buildActionMask = 2147483647;
			files = (
			);
			inputFileListPaths = (
			);
			inputPaths = (
				"${PODS_PODFILE_DIR_PATH}/Podfile.lock",
				"${PODS_ROOT}/Manifest.lock",
			);
			name = "[CP] Check Pods Manifest.lock";
			outputFileListPaths = (
			);
			outputPaths = (
				"$(DERIVED_FILE_DIR)/Pods-devinschatappTests-checkManifestLockResult.txt",
			);
			runOnlyForDeploymentPostprocessing = 0;
			shellPath = /bin/sh;
			shellScript = "diff \"${PODS_PODFILE_DIR_PATH}/Podfile.lock\" \"${PODS_ROOT}/Manifest.lock\" > /dev/null\nif [ $? != 0 ] ; then\n    # print error to STDERR\n    echo \"error: The sandbox is not in sync with the Podfile.lock. Run 'pod install' or update your CocoaPods installation.\" >&2\n    exit 1\nfi\n# This output is used by Xcode 'outputs' to avoid re-running this script phase.\necho \"SUCCESS\" > \"${SCRIPT_OUTPUT_FILE_0}\"\n";
			showEnvVarsInLog = 0;
		};
		70658FC55F61B7BB5A46A73C /* [CP] Copy Pods Resources */ = {
			isa = PBXShellScriptBuildPhase;
			buildActionMask = 2147483647;
			files = (
			);
			inputFileListPaths = (
				"${PODS_ROOT}/Target Support Files/Pods-devinschatapp-devinschatappUITests/Pods-devinschatapp-devinschatappUITests-resources-${CONFIGURATION}-input-files.xcfilelist",
			);
			name = "[CP] Copy Pods Resources";
			outputFileListPaths = (
				"${PODS_ROOT}/Target Support Files/Pods-devinschatapp-devinschatappUITests/Pods-devinschatapp-devinschatappUITests-resources-${CONFIGURATION}-output-files.xcfilelist",
			);
			runOnlyForDeploymentPostprocessing = 0;
			shellPath = /bin/sh;
			shellScript = "\"${PODS_ROOT}/Target Support Files/Pods-devinschatapp-devinschatappUITests/Pods-devinschatapp-devinschatappUITests-resources.sh\"\n";
			showEnvVarsInLog = 0;
		};
		79CF78A57202A093DA604A4E /* [CP] Embed Pods Frameworks */ = {
			isa = PBXShellScriptBuildPhase;
			buildActionMask = 2147483647;
			files = (
			);
			inputFileListPaths = (
				"${PODS_ROOT}/Target Support Files/Pods-devinschatapp/Pods-devinschatapp-frameworks-${CONFIGURATION}-input-files.xcfilelist",
			);
			name = "[CP] Embed Pods Frameworks";
			outputFileListPaths = (
				"${PODS_ROOT}/Target Support Files/Pods-devinschatapp/Pods-devinschatapp-frameworks-${CONFIGURATION}-output-files.xcfilelist",
			);
			runOnlyForDeploymentPostprocessing = 0;
			shellPath = /bin/sh;
			shellScript = "\"${PODS_ROOT}/Target Support Files/Pods-devinschatapp/Pods-devinschatapp-frameworks.sh\"\n";
			showEnvVarsInLog = 0;
		};
		9565F7F1754266C03D2B8DBF /* [CP] Copy Pods Resources */ = {
			isa = PBXShellScriptBuildPhase;
			buildActionMask = 2147483647;
			files = (
			);
			inputFileListPaths = (
				"${PODS_ROOT}/Target Support Files/Pods-devinschatapp/Pods-devinschatapp-resources-${CONFIGURATION}-input-files.xcfilelist",
			);
			name = "[CP] Copy Pods Resources";
			outputFileListPaths = (
				"${PODS_ROOT}/Target Support Files/Pods-devinschatapp/Pods-devinschatapp-resources-${CONFIGURATION}-output-files.xcfilelist",
			);
			runOnlyForDeploymentPostprocessing = 0;
			shellPath = /bin/sh;
			shellScript = "\"${PODS_ROOT}/Target Support Files/Pods-devinschatapp/Pods-devinschatapp-resources.sh\"\n";
			showEnvVarsInLog = 0;
		};
		E4D7C0AE7EB25622C97805B1 /* [CP] Embed Pods Frameworks */ = {
			isa = PBXShellScriptBuildPhase;
			buildActionMask = 2147483647;
			files = (
			);
			inputFileListPaths = (
				"${PODS_ROOT}/Target Support Files/Pods-devinschatapp-devinschatappUITests/Pods-devinschatapp-devinschatappUITests-frameworks-${CONFIGURATION}-input-files.xcfilelist",
			);
			name = "[CP] Embed Pods Frameworks";
			outputFileListPaths = (
				"${PODS_ROOT}/Target Support Files/Pods-devinschatapp-devinschatappUITests/Pods-devinschatapp-devinschatappUITests-frameworks-${CONFIGURATION}-output-files.xcfilelist",
			);
			runOnlyForDeploymentPostprocessing = 0;
			shellPath = /bin/sh;
			shellScript = "\"${PODS_ROOT}/Target Support Files/Pods-devinschatapp-devinschatappUITests/Pods-devinschatapp-devinschatappUITests-frameworks.sh\"\n";
			showEnvVarsInLog = 0;
		};
/* End PBXShellScriptBuildPhase section */

/* Begin PBXSourcesBuildPhase section */
		9EADE6A3266C00E9004EA76F /* Sources */ = {
			isa = PBXSourcesBuildPhase;
			buildActionMask = 2147483647;
			files = (
				9EADE6AD266C00E9004EA76F /* ContentView.swift in Sources */,
				9EADE6AB266C00E9004EA76F /* devinschatappApp.swift in Sources */,
			);
			runOnlyForDeploymentPostprocessing = 0;
		};
		9EADE6B4266C00EC004EA76F /* Sources */ = {
			isa = PBXSourcesBuildPhase;
			buildActionMask = 2147483647;
			files = (
				9EADE6BD266C00EC004EA76F /* devinschatappTests.swift in Sources */,
			);
			runOnlyForDeploymentPostprocessing = 0;
		};
		9EADE6BF266C00EC004EA76F /* Sources */ = {
			isa = PBXSourcesBuildPhase;
			buildActionMask = 2147483647;
			files = (
				9EADE6C8266C00EC004EA76F /* devinschatappUITests.swift in Sources */,
			);
			runOnlyForDeploymentPostprocessing = 0;
		};
/* End PBXSourcesBuildPhase section */

/* Begin PBXTargetDependency section */
		9EADE6BA266C00EC004EA76F /* PBXTargetDependency */ = {
			isa = PBXTargetDependency;
			target = 9EADE6A6266C00E9004EA76F /* devinschatapp */;
			targetProxy = 9EADE6B9266C00EC004EA76F /* PBXContainerItemProxy */;
		};
		9EADE6C5266C00EC004EA76F /* PBXTargetDependency */ = {
			isa = PBXTargetDependency;
			target = 9EADE6A6266C00E9004EA76F /* devinschatapp */;
			targetProxy = 9EADE6C4266C00EC004EA76F /* PBXContainerItemProxy */;
		};
/* End PBXTargetDependency section */

/* Begin XCBuildConfiguration section */
		9EADE6CA266C00EC004EA76F /* Debug */ = {
			isa = XCBuildConfiguration;
			buildSettings = {
				ALWAYS_SEARCH_USER_PATHS = NO;
				CLANG_ANALYZER_NONNULL = YES;
				CLANG_ANALYZER_NUMBER_OBJECT_CONVERSION = YES_AGGRESSIVE;
				CLANG_CXX_LANGUAGE_STANDARD = "gnu++14";
				CLANG_CXX_LIBRARY = "libc++";
				CLANG_ENABLE_MODULES = YES;
				CLANG_ENABLE_OBJC_ARC = YES;
				CLANG_ENABLE_OBJC_WEAK = YES;
				CLANG_WARN_BLOCK_CAPTURE_AUTORELEASING = YES;
				CLANG_WARN_BOOL_CONVERSION = YES;
				CLANG_WARN_COMMA = YES;
				CLANG_WARN_CONSTANT_CONVERSION = YES;
				CLANG_WARN_DEPRECATED_OBJC_IMPLEMENTATIONS = YES;
				CLANG_WARN_DIRECT_OBJC_ISA_USAGE = YES_ERROR;
				CLANG_WARN_DOCUMENTATION_COMMENTS = YES;
				CLANG_WARN_EMPTY_BODY = YES;
				CLANG_WARN_ENUM_CONVERSION = YES;
				CLANG_WARN_INFINITE_RECURSION = YES;
				CLANG_WARN_INT_CONVERSION = YES;
				CLANG_WARN_NON_LITERAL_NULL_CONVERSION = YES;
				CLANG_WARN_OBJC_IMPLICIT_RETAIN_SELF = YES;
				CLANG_WARN_OBJC_LITERAL_CONVERSION = YES;
				CLANG_WARN_OBJC_ROOT_CLASS = YES_ERROR;
				CLANG_WARN_QUOTED_INCLUDE_IN_FRAMEWORK_HEADER = YES;
				CLANG_WARN_RANGE_LOOP_ANALYSIS = YES;
				CLANG_WARN_STRICT_PROTOTYPES = YES;
				CLANG_WARN_SUSPICIOUS_MOVE = YES;
				CLANG_WARN_UNGUARDED_AVAILABILITY = YES_AGGRESSIVE;
				CLANG_WARN_UNREACHABLE_CODE = YES;
				CLANG_WARN__DUPLICATE_METHOD_MATCH = YES;
				COPY_PHASE_STRIP = NO;
				DEBUG_INFORMATION_FORMAT = dwarf;
				ENABLE_STRICT_OBJC_MSGSEND = YES;
				ENABLE_TESTABILITY = YES;
				GCC_C_LANGUAGE_STANDARD = gnu11;
				GCC_DYNAMIC_NO_PIC = NO;
				GCC_NO_COMMON_BLOCKS = YES;
				GCC_OPTIMIZATION_LEVEL = 0;
				GCC_PREPROCESSOR_DEFINITIONS = (
					"DEBUG=1",
					"$(inherited)",
				);
				GCC_WARN_64_TO_32_BIT_CONVERSION = YES;
				GCC_WARN_ABOUT_RETURN_TYPE = YES_ERROR;
				GCC_WARN_UNDECLARED_SELECTOR = YES;
				GCC_WARN_UNINITIALIZED_AUTOS = YES_AGGRESSIVE;
				GCC_WARN_UNUSED_FUNCTION = YES;
				GCC_WARN_UNUSED_VARIABLE = YES;
				IPHONEOS_DEPLOYMENT_TARGET = 14.5;
				MTL_ENABLE_DEBUG_INFO = INCLUDE_SOURCE;
				MTL_FAST_MATH = YES;
				ONLY_ACTIVE_ARCH = YES;
				SDKROOT = iphoneos;
				SWIFT_ACTIVE_COMPILATION_CONDITIONS = DEBUG;
				SWIFT_OPTIMIZATION_LEVEL = "-Onone";
			};
			name = Debug;
		};
		9EADE6CB266C00EC004EA76F /* Release */ = {
			isa = XCBuildConfiguration;
			buildSettings = {
				ALWAYS_SEARCH_USER_PATHS = NO;
				CLANG_ANALYZER_NONNULL = YES;
				CLANG_ANALYZER_NUMBER_OBJECT_CONVERSION = YES_AGGRESSIVE;
				CLANG_CXX_LANGUAGE_STANDARD = "gnu++14";
				CLANG_CXX_LIBRARY = "libc++";
				CLANG_ENABLE_MODULES = YES;
				CLANG_ENABLE_OBJC_ARC = YES;
				CLANG_ENABLE_OBJC_WEAK = YES;
				CLANG_WARN_BLOCK_CAPTURE_AUTORELEASING = YES;
				CLANG_WARN_BOOL_CONVERSION = YES;
				CLANG_WARN_COMMA = YES;
				CLANG_WARN_CONSTANT_CONVERSION = YES;
				CLANG_WARN_DEPRECATED_OBJC_IMPLEMENTATIONS = YES;
				CLANG_WARN_DIRECT_OBJC_ISA_USAGE = YES_ERROR;
				CLANG_WARN_DOCUMENTATION_COMMENTS = YES;
				CLANG_WARN_EMPTY_BODY = YES;
				CLANG_WARN_ENUM_CONVERSION = YES;
				CLANG_WARN_INFINITE_RECURSION = YES;
				CLANG_WARN_INT_CONVERSION = YES;
				CLANG_WARN_NON_LITERAL_NULL_CONVERSION = YES;
				CLANG_WARN_OBJC_IMPLICIT_RETAIN_SELF = YES;
				CLANG_WARN_OBJC_LITERAL_CONVERSION = YES;
				CLANG_WARN_OBJC_ROOT_CLASS = YES_ERROR;
				CLANG_WARN_QUOTED_INCLUDE_IN_FRAMEWORK_HEADER = YES;
				CLANG_WARN_RANGE_LOOP_ANALYSIS = YES;
				CLANG_WARN_STRICT_PROTOTYPES = YES;
				CLANG_WARN_SUSPICIOUS_MOVE = YES;
				CLANG_WARN_UNGUARDED_AVAILABILITY = YES_AGGRESSIVE;
				CLANG_WARN_UNREACHABLE_CODE = YES;
				CLANG_WARN__DUPLICATE_METHOD_MATCH = YES;
				COPY_PHASE_STRIP = NO;
				DEBUG_INFORMATION_FORMAT = "dwarf-with-dsym";
				ENABLE_NS_ASSERTIONS = NO;
				ENABLE_STRICT_OBJC_MSGSEND = YES;
				GCC_C_LANGUAGE_STANDARD = gnu11;
				GCC_NO_COMMON_BLOCKS = YES;
				GCC_WARN_64_TO_32_BIT_CONVERSION = YES;
				GCC_WARN_ABOUT_RETURN_TYPE = YES_ERROR;
				GCC_WARN_UNDECLARED_SELECTOR = YES;
				GCC_WARN_UNINITIALIZED_AUTOS = YES_AGGRESSIVE;
				GCC_WARN_UNUSED_FUNCTION = YES;
				GCC_WARN_UNUSED_VARIABLE = YES;
				IPHONEOS_DEPLOYMENT_TARGET = 14.5;
				MTL_ENABLE_DEBUG_INFO = NO;
				MTL_FAST_MATH = YES;
				SDKROOT = iphoneos;
				SWIFT_COMPILATION_MODE = wholemodule;
				SWIFT_OPTIMIZATION_LEVEL = "-O";
				VALIDATE_PRODUCT = YES;
			};
			name = Release;
		};
		9EADE6CD266C00EC004EA76F /* Debug */ = {
			isa = XCBuildConfiguration;
			baseConfigurationReference = 81A9D1B862E1179CC4193109 /* Pods-devinschatapp.debug.xcconfig */;
			buildSettings = {
				ASSETCATALOG_COMPILER_APPICON_NAME = AppIcon;
				ASSETCATALOG_COMPILER_GLOBAL_ACCENT_COLOR_NAME = AccentColor;
				CODE_SIGN_STYLE = Automatic;
				DEVELOPMENT_ASSET_PATHS = "\"devinschatapp/Preview Content\"";
				DEVELOPMENT_TEAM = 64HB658K5U;
				ENABLE_PREVIEWS = YES;
				INFOPLIST_FILE = devinschatapp/Info.plist;
				IPHONEOS_DEPLOYMENT_TARGET = 14.0;
				LD_RUNPATH_SEARCH_PATHS = (
					"$(inherited)",
					"@executable_path/Frameworks",
				);
				PRODUCT_BUNDLE_IDENTIFIER = D3viii.devinschatapp;
				PRODUCT_NAME = "$(TARGET_NAME)";
				SWIFT_VERSION = 5.0;
				TARGETED_DEVICE_FAMILY = "1,2";
			};
			name = Debug;
		};
		9EADE6CE266C00EC004EA76F /* Release */ = {
			isa = XCBuildConfiguration;
			baseConfigurationReference = EC01F73D434128D2E2D1304E /* Pods-devinschatapp.release.xcconfig */;
			buildSettings = {
				ASSETCATALOG_COMPILER_APPICON_NAME = AppIcon;
				ASSETCATALOG_COMPILER_GLOBAL_ACCENT_COLOR_NAME = AccentColor;
				CODE_SIGN_STYLE = Automatic;
				DEVELOPMENT_ASSET_PATHS = "\"devinschatapp/Preview Content\"";
				DEVELOPMENT_TEAM = 64HB658K5U;
				ENABLE_PREVIEWS = YES;
				INFOPLIST_FILE = devinschatapp/Info.plist;
				IPHONEOS_DEPLOYMENT_TARGET = 14.0;
				LD_RUNPATH_SEARCH_PATHS = (
					"$(inherited)",
					"@executable_path/Frameworks",
				);
				PRODUCT_BUNDLE_IDENTIFIER = D3viii.devinschatapp;
				PRODUCT_NAME = "$(TARGET_NAME)";
				SWIFT_VERSION = 5.0;
				TARGETED_DEVICE_FAMILY = "1,2";
			};
			name = Release;
		};
		9EADE6D0266C00EC004EA76F /* Debug */ = {
			isa = XCBuildConfiguration;
			baseConfigurationReference = C5B0B179277403F2727E9337 /* Pods-devinschatappTests.debug.xcconfig */;
			buildSettings = {
				ALWAYS_EMBED_SWIFT_STANDARD_LIBRARIES = YES;
				BUNDLE_LOADER = "$(TEST_HOST)";
				CODE_SIGN_STYLE = Automatic;
				DEVELOPMENT_TEAM = 64HB658K5U;
				INFOPLIST_FILE = devinschatappTests/Info.plist;
				IPHONEOS_DEPLOYMENT_TARGET = 14.0;
				LD_RUNPATH_SEARCH_PATHS = (
					"$(inherited)",
					"@executable_path/Frameworks",
					"@loader_path/Frameworks",
				);
				PRODUCT_BUNDLE_IDENTIFIER = D3viii.devinschatappTests;
				PRODUCT_NAME = "$(TARGET_NAME)";
				SWIFT_VERSION = 5.0;
				TARGETED_DEVICE_FAMILY = "1,2";
				TEST_HOST = "$(BUILT_PRODUCTS_DIR)/devinschatapp.app/devinschatapp";
			};
			name = Debug;
		};
		9EADE6D1266C00EC004EA76F /* Release */ = {
			isa = XCBuildConfiguration;
			baseConfigurationReference = 79290FEF9552326960220FCF /* Pods-devinschatappTests.release.xcconfig */;
			buildSettings = {
				ALWAYS_EMBED_SWIFT_STANDARD_LIBRARIES = YES;
				BUNDLE_LOADER = "$(TEST_HOST)";
				CODE_SIGN_STYLE = Automatic;
				DEVELOPMENT_TEAM = 64HB658K5U;
				INFOPLIST_FILE = devinschatappTests/Info.plist;
				IPHONEOS_DEPLOYMENT_TARGET = 14.0;
				LD_RUNPATH_SEARCH_PATHS = (
					"$(inherited)",
					"@executable_path/Frameworks",
					"@loader_path/Frameworks",
				);
				PRODUCT_BUNDLE_IDENTIFIER = D3viii.devinschatappTests;
				PRODUCT_NAME = "$(TARGET_NAME)";
				SWIFT_VERSION = 5.0;
				TARGETED_DEVICE_FAMILY = "1,2";
				TEST_HOST = "$(BUILT_PRODUCTS_DIR)/devinschatapp.app/devinschatapp";
			};
			name = Release;
		};
		9EADE6D3266C00EC004EA76F /* Debug */ = {
			isa = XCBuildConfiguration;
			baseConfigurationReference = 822436B497AE71A35D335545 /* Pods-devinschatapp-devinschatappUITests.debug.xcconfig */;
			buildSettings = {
				ALWAYS_EMBED_SWIFT_STANDARD_LIBRARIES = YES;
				CODE_SIGN_STYLE = Automatic;
				DEVELOPMENT_TEAM = 64HB658K5U;
				INFOPLIST_FILE = devinschatappUITests/Info.plist;
				LD_RUNPATH_SEARCH_PATHS = (
					"$(inherited)",
					"@executable_path/Frameworks",
					"@loader_path/Frameworks",
				);
				PRODUCT_BUNDLE_IDENTIFIER = D3viii.devinschatappUITests;
				PRODUCT_NAME = "$(TARGET_NAME)";
				SWIFT_VERSION = 5.0;
				TARGETED_DEVICE_FAMILY = "1,2";
				TEST_TARGET_NAME = devinschatapp;
			};
			name = Debug;
		};
		9EADE6D4266C00EC004EA76F /* Release */ = {
			isa = XCBuildConfiguration;
			baseConfigurationReference = C0F15C4F4A010D42AFE5ED17 /* Pods-devinschatapp-devinschatappUITests.release.xcconfig */;
			buildSettings = {
				ALWAYS_EMBED_SWIFT_STANDARD_LIBRARIES = YES;
				CODE_SIGN_STYLE = Automatic;
				DEVELOPMENT_TEAM = 64HB658K5U;
				INFOPLIST_FILE = devinschatappUITests/Info.plist;
				LD_RUNPATH_SEARCH_PATHS = (
					"$(inherited)",
					"@executable_path/Frameworks",
					"@loader_path/Frameworks",
				);
				PRODUCT_BUNDLE_IDENTIFIER = D3viii.devinschatappUITests;
				PRODUCT_NAME = "$(TARGET_NAME)";
				SWIFT_VERSION = 5.0;
				TARGETED_DEVICE_FAMILY = "1,2";
				TEST_TARGET_NAME = devinschatapp;
			};
			name = Release;
		};
/* End XCBuildConfiguration section */

/* Begin XCConfigurationList section */
		9EADE6A2266C00E9004EA76F /* Build configuration list for PBXProject "devinschatapp" */ = {
			isa = XCConfigurationList;
			buildConfigurations = (
				9EADE6CA266C00EC004EA76F /* Debug */,
				9EADE6CB266C00EC004EA76F /* Release */,
			);
			defaultConfigurationIsVisible = 0;
			defaultConfigurationName = Release;
		};
		9EADE6CC266C00EC004EA76F /* Build configuration list for PBXNativeTarget "devinschatapp" */ = {
			isa = XCConfigurationList;
			buildConfigurations = (
				9EADE6CD266C00EC004EA76F /* Debug */,
				9EADE6CE266C00EC004EA76F /* Release */,
			);
			defaultConfigurationIsVisible = 0;
			defaultConfigurationName = Release;
		};
		9EADE6CF266C00EC004EA76F /* Build configuration list for PBXNativeTarget "devinschatappTests" */ = {
			isa = XCConfigurationList;
			buildConfigurations = (
				9EADE6D0266C00EC004EA76F /* Debug */,
				9EADE6D1266C00EC004EA76F /* Release */,
			);
			defaultConfigurationIsVisible = 0;
			defaultConfigurationName = Release;
		};
		9EADE6D2266C00EC004EA76F /* Build configuration list for PBXNativeTarget "devinschatappUITests" */ = {
			isa = XCConfigurationList;
			buildConfigurations = (
				9EADE6D3266C00EC004EA76F /* Debug */,
				9EADE6D4266C00EC004EA76F /* Release */,
			);
			defaultConfigurationIsVisible = 0;
			defaultConfigurationName = Release;
		};
/* End XCConfigurationList section */
	};
	rootObject = 9EADE69F266C00E9004EA76F /* Project object */;
}
